
Microsoft Visual Studio Solution File, Format Version 12.00
# Visual Studio Version 17
VisualStudioVersion = 17.13.35825.156
MinimumVisualStudioVersion = 10.0.40219.1
Project("{8BC9CEB8-8B4A-11D0-8D11-00A0C91BC942}") = "IntroductionToOOP", "IntroductionToOOP\IntroductionToOOP.vcxproj", "{A1B0ABBB-9E73-49EA-8EA5-16ED63C930AF}"
EndProject
Project("{8BC9CEB8-8B4A-11D0-8D11-00A0C91BC942}") = "Fraction", "Fraction\Fraction.vcxproj", "{E3BCE1E2-5CE6-49C6-9CE0-6E89318481C4}"
EndProject
Project("{8BC9CEB8-8B4A-11D0-8D11-00A0C91BC942}") = "String", "String\String.vcxproj", "{AEFCDC59-8920-4340-AF9A-86EC2593AC18}"
EndProject
Global
	GlobalSection(SolutionConfigurationPlatforms) = preSolution
		Debug|x64 = Debug|x64
		Debug|x86 = Debug|x86
		Release|x64 = Release|x64
		Release|x86 = Release|x86
	EndGlobalSection
	GlobalSection(ProjectConfigurationPlatforms) = postSolution
		{A1B0ABBB-9E73-49EA-8EA5-16ED63C930AF}.Debug|x64.ActiveCfg = Debug|x64
		{A1B0ABBB-9E73-49EA-8EA5-16ED63C930AF}.Debug|x64.Build.0 = Debug|x64
		{A1B0ABBB-9E73-49EA-8EA5-16ED63C930AF}.Debug|x86.ActiveCfg = Debug|Win32
		{A1B0ABBB-9E73-49EA-8EA5-16ED63C930AF}.Debug|x86.Build.0 = Debug|Win32
		{A1B0ABBB-9E73-49EA-8EA5-16ED63C930AF}.Release|x64.ActiveCfg = Release|x64
		{A1B0ABBB-9E73-49EA-8EA5-16ED63C930AF}.Release|x64.Build.0 = Release|x64
		{A1B0ABBB-9E73-49EA-8EA5-16ED63C930AF}.Release|x86.ActiveCfg = Release|Win32
		{A1B0ABBB-9E73-49EA-8EA5-16ED63C930AF}.Release|x86.Build.0 = Release|Win32
		{E3BCE1E2-5CE6-49C6-9CE0-6E89318481C4}.Debug|x64.ActiveCfg = Debug|x64
		{E3BCE1E2-5CE6-49C6-9CE0-6E89318481C4}.Debug|x64.Build.0 = Debug|x64
		{E3BCE1E2-5CE6-49C6-9CE0-6E89318481C4}.Debug|x86.ActiveCfg = Debug|Win32
		{E3BCE1E2-5CE6-49C6-9CE0-6E89318481C4}.Debug|x86.Build.0 = Debug|Win32
		{E3BCE1E2-5CE6-49C6-9CE0-6E89318481C4}.Release|x64.ActiveCfg = Release|x64
		{E3BCE1E2-5CE6-49C6-9CE0-6E89318481C4}.Release|x64.Build.0 = Release|x64
		{E3BCE1E2-5CE6-49C6-9CE0-6E89318481C4}.Release|x86.ActiveCfg = Release|Win32
		{E3BCE1E2-5CE6-49C6-9CE0-6E89318481C4}.Release|x86.Build.0 = Release|Win32
		{AEFCDC59-8920-4340-AF9A-86EC2593AC18}.Debug|x64.ActiveCfg = Debug|x64
		{AEFCDC59-8920-4340-AF9A-86EC2593AC18}.Debug|x64.Build.0 = Debug|x64
		{AEFCDC59-8920-4340-AF9A-86EC2593AC18}.Debug|x86.ActiveCfg = Debug|Win32
		{AEFCDC59-8920-4340-AF9A-86EC2593AC18}.Debug|x86.Build.0 = Debug|Win32
		{AEFCDC59-8920-4340-AF9A-86EC2593AC18}.Release|x64.ActiveCfg = Release|x64
		{AEFCDC59-8920-4340-AF9A-86EC2593AC18}.Release|x64.Build.0 = Release|x64
		{AEFCDC59-8920-4340-AF9A-86EC2593AC18}.Release|x86.ActiveCfg = Release|Win32
		{AEFCDC59-8920-4340-AF9A-86EC2593AC18}.Release|x86.Build.0 = Release|Win32
	EndGlobalSection
	GlobalSection(SolutionProperties) = preSolution
		HideSolutionNode = FALSE
	EndGlobalSection
	GlobalSection(ExtensibilityGlobals) = postSolution
		SolutionGuid = {98BC9C45-E592-478E-83C5-AC16C142CE45}
	EndGlobalSection
EndGlobal
